# This file is automatically @generated by Poetry and should not be changed by hand.

[[package]]
name = "colorama"
version = "0.4.6"
description = "Cross-platform colored terminal text."
category = "dev"
optional = false
python-versions = "!=3.0.*,!=3.1.*,!=3.2.*,!=3.3.*,!=3.4.*,!=3.5.*,!=3.6.*,>=2.7"
files = [
    {file = "colorama-0.4.6-py2.py3-none-any.whl", hash = "sha256:4f1d9991f5acc0ca119f9d443620b77f9d6b33703e51011c16baf57afb285fc6"},
    {file = "colorama-0.4.6.tar.gz", hash = "sha256:08695f5cb7ed6e0531a20572697297273c47b8cae5a63ffc6d6ed5c201be6e44"},
]

[[package]]
name = "easymcp2221"
version = "1.6.3"
description = "Python module to interface with MCP2221 focused on ease of use."
category = "main"
optional = false
python-versions = ">=3.6"
files = [
    {file = "EasyMCP2221-1.6.3.tar.gz", hash = "sha256:ad152c49ff494cfbe22261e41a92a91e59a3fc151a8ce336d23bff20e3c28b05"},
    {file = "easymcp2221-1.6.3-py3-none-any.whl", hash = "sha256:96056a8f9013fb08a5da81887b30bfc6ac95148160e245dc8cda43daae05308a"},
]

[package.dependencies]
hidapi = "*"

[[package]]
name = "exceptiongroup"
version = "1.1.1"
description = "Backport of PEP 654 (exception groups)"
category = "dev"
optional = false
python-versions = ">=3.7"
files = [
    {file = "exceptiongroup-1.1.1-py3-none-any.whl", hash = "sha256:232c37c63e4f682982c8b6459f33a8981039e5fb8756b2074364e5055c498c9e"},
    {file = "exceptiongroup-1.1.1.tar.gz", hash = "sha256:d484c3090ba2889ae2928419117447a14daf3c1231d5e30d0aae34f354f01785"},
]

[package.extras]
test = ["pytest (>=6)"]

[[package]]
name = "hidapi"
version = "0.13.1"
description = "A Cython interface to the hidapi from https://github.com/libusb/hidapi"
category = "main"
optional = false
python-versions = "*"
files = [
    {file = "hidapi-0.13.1-cp310-cp310-macosx_10_9_x86_64.whl", hash = "sha256:0e245b5177fc59548e4f76400a07a7882fca48a1c650f7c5d902afe519869bd0"},
    {file = "hidapi-0.13.1-cp310-cp310-macosx_11_0_arm64.whl", hash = "sha256:ec97dcb6697659be0878aac14143ba00ab43e86a6bbec2fa6af46f833ab69743"},
    {file = "hidapi-0.13.1-cp310-cp310-manylinux_2_17_aarch64.manylinux2014_aarch64.whl", hash = "sha256:a48a0c3f1113ac05d389ae4eff00485a253c63dc6e7c7c17ae3026d063ca809a"},
    {file = "hidapi-0.13.1-cp310-cp310-manylinux_2_17_i686.manylinux2014_i686.whl", hash = "sha256:1b2421ace55d1cca96b8d5c09f918e7662b6ac7b7dbb0f624814e831dab5062e"},
    {file = "hidapi-0.13.1-cp310-cp310-manylinux_2_17_x86_64.manylinux2014_x86_64.whl", hash = "sha256:571e3a07bcbdc13c2d2af9bd09839e6f45cfbac8d5e2d28b7e1b844427813162"},
    {file = "hidapi-0.13.1-cp310-cp310-win32.whl", hash = "sha256:6c0a285b3720d1277f318b574d987483d6127b75d7d76decdd6c85c724af8ef7"},
    {file = "hidapi-0.13.1-cp310-cp310-win_amd64.whl", hash = "sha256:da551cdf88122e9d7dbb93557efa69d35fb1b1fea0510a5bd461af331ad92892"},
    {file = "hidapi-0.13.1-cp311-cp311-macosx_10_9_x86_64.whl", hash = "sha256:6490021f7d8227fb6277355f143539404c1b9074d77d64febbe0d4a629f0835b"},
    {file = "hidapi-0.13.1-cp311-cp311-macosx_11_0_arm64.whl", hash = "sha256:ebffcf48798bbf2018a86f1465eeabce0da98c2066c99a121db97dd397b798b3"},
    {file = "hidapi-0.13.1-cp311-cp311-manylinux_2_17_aarch64.manylinux2014_aarch64.whl", hash = "sha256:0c6ae8a0b69ca9ae0ad3f948e1174231a9b781a70ff3642e6b110dfec770cf59"},
    {file = "hidapi-0.13.1-cp311-cp311-manylinux_2_17_i686.manylinux2014_i686.whl", hash = "sha256:93b95d8bb6c87f6db03b6eb9faffb2fe977ac788791898651826c1b61a4734c1"},
    {file = "hidapi-0.13.1-cp311-cp311-manylinux_2_17_x86_64.manylinux2014_x86_64.whl", hash = "sha256:aca9899e7fccc6f9e6a909681c5d97cc2ba224683d886c96bcdca3165454d875"},
    {file = "hidapi-0.13.1-cp311-cp311-win32.whl", hash = "sha256:93dfc2739e0d3f773ae148fed9c0f020c13e17d9d512cf73b54a5e60f0b28c68"},
    {file = "hidapi-0.13.1-cp311-cp311-win_amd64.whl", hash = "sha256:68b9281c22e7832e1d140d3eb65718486b61ac24701837c0ff211f2195bedfb8"},
    {file = "hidapi-0.13.1-cp36-cp36m-macosx_10_9_x86_64.whl", hash = "sha256:3c190d4f8be403c8ee543684013e85494ac690da2d636a03a4f7f5b75b41bba5"},
    {file = "hidapi-0.13.1-cp36-cp36m-manylinux_2_17_aarch64.manylinux2014_aarch64.whl", hash = "sha256:3cb651134546cabc1e515b38626732770ec3ab0157b33dc132fc2f4607858658"},
    {file = "hidapi-0.13.1-cp36-cp36m-manylinux_2_17_i686.manylinux2014_i686.whl", hash = "sha256:6ab4dd2e19918beff50638be89b9626191df4514456fd7388611762cdbbd46cc"},
    {file = "hidapi-0.13.1-cp36-cp36m-manylinux_2_17_x86_64.manylinux2014_x86_64.whl", hash = "sha256:871808f5b4c8049f758b94375e24bfe87c8a58f91f7c2ca4c482ab003c9af9a7"},
    {file = "hidapi-0.13.1-cp36-cp36m-win32.whl", hash = "sha256:5a51521200fecd677695d7bd12a6efdccf315a16929a65b836fb7ec8596a24f4"},
    {file = "hidapi-0.13.1-cp36-cp36m-win_amd64.whl", hash = "sha256:d1e91ef0cca8185a858491d9e253f585e58888c5350013ab9305caf4b7f563ba"},
    {file = "hidapi-0.13.1-cp37-cp37m-macosx_10_9_x86_64.whl", hash = "sha256:8a735ea49c68d6008b4e07b3de5b4c211f875c262dd14d6669a3629bc482a375"},
    {file = "hidapi-0.13.1-cp37-cp37m-manylinux_2_17_aarch64.manylinux2014_aarch64.whl", hash = "sha256:c8647eeb286d1b46104a297258b4af15e7878b3dbdb9951ba01cf233b2ff513a"},
    {file = "hidapi-0.13.1-cp37-cp37m-manylinux_2_17_i686.manylinux2014_i686.whl", hash = "sha256:cf6a90f988c3a1b1910f441c29e4c8c21150c6cb0ed5a8be3bea715aed02002d"},
    {file = "hidapi-0.13.1-cp37-cp37m-manylinux_2_17_x86_64.manylinux2014_x86_64.whl", hash = "sha256:58580360dc69206a54efccc6d234baa6dbfa56394386ff77bdd67228b27c9759"},
    {file = "hidapi-0.13.1-cp37-cp37m-win32.whl", hash = "sha256:1eb1247930ebf45275937db011856880dc6e3c961290dc8783835230312250b6"},
    {file = "hidapi-0.13.1-cp37-cp37m-win_amd64.whl", hash = "sha256:155bce0c0741ee3b4cf93ac53d02526ef16008a1ef3d9071cd67dd4e190c02d8"},
    {file = "hidapi-0.13.1-cp38-cp38-macosx_10_9_x86_64.whl", hash = "sha256:2f013d7e107aef90a4c79802f7e44f5280f9fd62d3d43e307dd7d108c95277cd"},
    {file = "hidapi-0.13.1-cp38-cp38-macosx_11_0_arm64.whl", hash = "sha256:afc7991c12235f3392b5f744b75878429dbf5a3a4a0d51ca18b1e82ebcce7033"},
    {file = "hidapi-0.13.1-cp38-cp38-manylinux_2_17_aarch64.manylinux2014_aarch64.whl", hash = "sha256:a3fcfe6e4a75651baf704001ddf765326ddd64b55b1ba6cd0e2e0851409c27c4"},
    {file = "hidapi-0.13.1-cp38-cp38-manylinux_2_17_i686.manylinux2014_i686.whl", hash = "sha256:64ec0dcce28232354a91d4575a74eab77fcbb4379fa2f4650e9eaadd7561d887"},
    {file = "hidapi-0.13.1-cp38-cp38-manylinux_2_17_x86_64.manylinux2014_x86_64.whl", hash = "sha256:8174e095386a37eb3d8eb08e942f3aa7e6bd703c296dbb6c45cbca40862a7253"},
    {file = "hidapi-0.13.1-cp38-cp38-win32.whl", hash = "sha256:2dcaf4b9df91a10c0e2904f175c0bfed53d51a3fe73d2aba7061ddc360249f86"},
    {file = "hidapi-0.13.1-cp38-cp38-win_amd64.whl", hash = "sha256:f5a16a8a97ac944775369713b35bb47a7cb6b3091458e7cfe4fdec3f7ac9c29e"},
    {file = "hidapi-0.13.1-cp39-cp39-macosx_10_9_x86_64.whl", hash = "sha256:0933fef6e1599c38093bec22a3dded359fb0a9ce57ab43db8947eca7308fe0a8"},
    {file = "hidapi-0.13.1-cp39-cp39-macosx_11_0_arm64.whl", hash = "sha256:20c06a2256696e83c5f2789dcd9a8109009af5f3e75af0082934867fc6de5283"},
    {file = "hidapi-0.13.1-cp39-cp39-manylinux_2_17_aarch64.manylinux2014_aarch64.whl", hash = "sha256:7b59778cec7ef9f6151778bf65a1b1dd164014238d7d4345c8e376c4a4baac0e"},
    {file = "hidapi-0.13.1-cp39-cp39-manylinux_2_17_i686.manylinux2014_i686.whl", hash = "sha256:22d5af6f776fffce8078d6d3785dc8c1647688183c1dbda24acf6dd841d76ac3"},
    {file = "hidapi-0.13.1-cp39-cp39-manylinux_2_17_x86_64.manylinux2014_x86_64.whl", hash = "sha256:9ed536627429bc299b28188a28d2fe4230b472d737ee9dc5c8376fd66c418674"},
    {file = "hidapi-0.13.1-cp39-cp39-win32.whl", hash = "sha256:63494ccce46bf60491d7e44f1371443a178e21afa287b341288057bfbefbe872"},
    {file = "hidapi-0.13.1-cp39-cp39-win_amd64.whl", hash = "sha256:5696e1479c203e6123db5f6c5effe6fdca3a5da332bd9ba559687056af7b1d3c"},
    {file = "hidapi-0.13.1.tar.gz", hash = "sha256:99b18b28ec414ef9b604ddaed08182e486a400486f31ca56f61d537eed1d17cf"},
]

[package.dependencies]
setuptools = ">=19.0"

[[package]]
name = "iniconfig"
version = "2.0.0"
description = "brain-dead simple config-ini parsing"
category = "dev"
optional = false
python-versions = ">=3.7"
files = [
    {file = "iniconfig-2.0.0-py3-none-any.whl", hash = "sha256:b6a85871a79d2e3b22d2d1b94ac2824226a63c6b741c88f7ae975f18b6778374"},
    {file = "iniconfig-2.0.0.tar.gz", hash = "sha256:2d91e135bf72d31a410b17c16da610a82cb55f6b0477d1a902134b24a455b8b3"},
]

[[package]]
name = "intelhex"
version = "2.3.0"
description = "Python library for Intel HEX files manipulations"
category = "main"
optional = false
python-versions = "*"
files = [
    {file = "intelhex-2.3.0-py2.py3-none-any.whl", hash = "sha256:87cc5225657524ec6361354be928adfd56bcf2a3dcc646c40f8f094c39c07db4"},
    {file = "intelhex-2.3.0.tar.gz", hash = "sha256:892b7361a719f4945237da8ccf754e9513db32f5628852785aea108dcd250093"},
]

[[package]]
name = "packaging"
version = "23.1"
description = "Core utilities for Python packages"
category = "dev"
optional = false
python-versions = ">=3.7"
files = [
    {file = "packaging-23.1-py3-none-any.whl", hash = "sha256:994793af429502c4ea2ebf6bf664629d07c1a9fe974af92966e4b8d2df7edc61"},
    {file = "packaging-23.1.tar.gz", hash = "sha256:a392980d2b6cffa644431898be54b0045151319d1e7ec34f0cfed48767dd334f"},
]

[[package]]
name = "pluggy"
version = "1.0.0"
description = "plugin and hook calling mechanisms for python"
category = "dev"
optional = false
python-versions = ">=3.6"
files = [
    {file = "pluggy-1.0.0-py2.py3-none-any.whl", hash = "sha256:74134bbf457f031a36d68416e1509f34bd5ccc019f0bcc952c7b909d06b37bd3"},
    {file = "pluggy-1.0.0.tar.gz", hash = "sha256:4224373bacce55f955a878bf9cfa763c1e360858e330072059e10bad68531159"},
]

[package.extras]
dev = ["pre-commit", "tox"]
testing = ["pytest", "pytest-benchmark"]

[[package]]
name = "pytest"
version = "7.3.1"
description = "pytest: simple powerful testing with Python"
category = "dev"
optional = false
python-versions = ">=3.7"
files = [
    {file = "pytest-7.3.1-py3-none-any.whl", hash = "sha256:3799fa815351fea3a5e96ac7e503a96fa51cc9942c3753cda7651b93c1cfa362"},
    {file = "pytest-7.3.1.tar.gz", hash = "sha256:434afafd78b1d78ed0addf160ad2b77a30d35d4bdf8af234fe621919d9ed15e3"},
]

[package.dependencies]
colorama = {version = "*", markers = "sys_platform == \"win32\""}
exceptiongroup = {version = ">=1.0.0rc8", markers = "python_version < \"3.11\""}
iniconfig = "*"
packaging = "*"
pluggy = ">=0.12,<2.0"
tomli = {version = ">=1.0.0", markers = "python_version < \"3.11\""}

[package.extras]
testing = ["argcomplete", "attrs (>=19.2.0)", "hypothesis (>=3.56)", "mock", "nose", "pygments (>=2.7.2)", "requests", "xmlschema"]

[[package]]
name = "setuptools"
version = "67.8.0"
description = "Easily download, build, install, upgrade, and uninstall Python packages"
category = "main"
optional = false
python-versions = ">=3.7"
files = [
    {file = "setuptools-67.8.0-py3-none-any.whl", hash = "sha256:5df61bf30bb10c6f756eb19e7c9f3b473051f48db77fddbe06ff2ca307df9a6f"},
    {file = "setuptools-67.8.0.tar.gz", hash = "sha256:62642358adc77ffa87233bc4d2354c4b2682d214048f500964dbe760ccedf102"},
]

[package.extras]
docs = ["furo", "jaraco.packaging (>=9)", "jaraco.tidelift (>=1.4)", "pygments-github-lexers (==0.0.5)", "rst.linker (>=1.9)", "sphinx (>=3.5)", "sphinx-favicon", "sphinx-hoverxref (<2)", "sphinx-inline-tabs", "sphinx-lint", "sphinx-notfound-page (==0.8.3)", "sphinx-reredirects", "sphinxcontrib-towncrier"]
testing = ["build[virtualenv]", "filelock (>=3.4.0)", "flake8-2020", "ini2toml[lite] (>=0.9)", "jaraco.envs (>=2.2)", "jaraco.path (>=3.2.0)", "pip (>=19.1)", "pip-run (>=8.8)", "pytest (>=6)", "pytest-black (>=0.3.7)", "pytest-checkdocs (>=2.4)", "pytest-cov", "pytest-enabler (>=1.3)", "pytest-mypy (>=0.9.1)", "pytest-perf", "pytest-ruff", "pytest-timeout", "pytest-xdist", "tomli-w (>=1.0.0)", "virtualenv (>=13.0.0)", "wheel"]
testing-integration = ["build[virtualenv]", "filelock (>=3.4.0)", "jaraco.envs (>=2.2)", "jaraco.path (>=3.2.0)", "pytest", "pytest-enabler", "pytest-xdist", "tomli", "virtualenv (>=13.0.0)", "wheel"]

[[package]]
name = "tomli"
version = "2.0.1"
description = "A lil' TOML parser"
category = "dev"
optional = false
python-versions = ">=3.7"
files = [
    {file = "tomli-2.0.1-py3-none-any.whl", hash = "sha256:939de3e7a6161af0c887ef91b7d41a53e7c5a1ca976325f429cb46ea9bc30ecc"},
    {file = "tomli-2.0.1.tar.gz", hash = "sha256:de526c12914f0c550d15924c62d72abc48d6fe7364aa87328337a31007fe8a4f"},
]

[metadata]
lock-version = "2.0"
python-versions = "^3.8"
content-hash = "425ab80c2f797c9fae60733832940236ffdd0ce4efccd07eac2f7f27232b0fcd"
